
Microsoft Visual Studio Solution File, Format Version 12.00
# Visual Studio Version 17
VisualStudioVersion = 17.3.32929.385
MinimumVisualStudioVersion = 10.0.40219.1
Project("{FAE04EC0-301F-11D3-BF4B-00C04F79EFBC}") = "CustomAttrubuteAndTests", "CustomAttrubuteAndTests\CustomAttrubuteAndTests.csproj", "{75FA8483-EBFE-478F-B89B-E8C75C21BDE9}"
EndProject
Project("{FAE04EC0-301F-11D3-BF4B-00C04F79EFBC}") = "CustomAttributes.cs", "CustomAttributes.cs\CustomAttributes.cs.csproj", "{3064F2D1-7FD7-4719-B549-3E4832B7C46F}"
EndProject
Project("{FAE04EC0-301F-11D3-BF4B-00C04F79EFBC}") = "CustomTests", "CustomTests\CustomTests.csproj", "{428F68A3-8CC9-4EB4-8FE9-FACFE3739E01}"
EndProject
Global
	GlobalSection(SolutionConfigurationPlatforms) = preSolution
		Debug|Any CPU = Debug|Any CPU
		Release|Any CPU = Release|Any CPU
	EndGlobalSection
	GlobalSection(ProjectConfigurationPlatforms) = postSolution
		{75FA8483-EBFE-478F-B89B-E8C75C21BDE9}.Debug|Any CPU.ActiveCfg = Debug|Any CPU
		{75FA8483-EBFE-478F-B89B-E8C75C21BDE9}.Debug|Any CPU.Build.0 = Debug|Any CPU
		{75FA8483-EBFE-478F-B89B-E8C75C21BDE9}.Release|Any CPU.ActiveCfg = Release|Any CPU
		{75FA8483-EBFE-478F-B89B-E8C75C21BDE9}.Release|Any CPU.Build.0 = Release|Any CPU
		{3064F2D1-7FD7-4719-B549-3E4832B7C46F}.Debug|Any CPU.ActiveCfg = Debug|Any CPU
		{3064F2D1-7FD7-4719-B549-3E4832B7C46F}.Debug|Any CPU.Build.0 = Debug|Any CPU
		{3064F2D1-7FD7-4719-B549-3E4832B7C46F}.Release|Any CPU.ActiveCfg = Release|Any CPU
		{3064F2D1-7FD7-4719-B549-3E4832B7C46F}.Release|Any CPU.Build.0 = Release|Any CPU
		{428F68A3-8CC9-4EB4-8FE9-FACFE3739E01}.Debug|Any CPU.ActiveCfg = Debug|Any CPU
		{428F68A3-8CC9-4EB4-8FE9-FACFE3739E01}.Debug|Any CPU.Build.0 = Debug|Any CPU
		{428F68A3-8CC9-4EB4-8FE9-FACFE3739E01}.Release|Any CPU.ActiveCfg = Release|Any CPU
		{428F68A3-8CC9-4EB4-8FE9-FACFE3739E01}.Release|Any CPU.Build.0 = Release|Any CPU
	EndGlobalSection
	GlobalSection(SolutionProperties) = preSolution
		HideSolutionNode = FALSE
	EndGlobalSection
	GlobalSection(ExtensibilityGlobals) = postSolution
		SolutionGuid = {99616A50-27DD-4C04-8D63-BAC9038A936F}
	EndGlobalSection
EndGlobal
